// !$*UTF8*$!
{
	archiveVersion = 1;
	classes = {
	};
	objectVersion = 51;
	objects = {

/* Begin PBXBuildFile section */
		2337A48C23960DE113583628 /* Pods_OnboardingMobileChallenge_OnboardingMobileChallengeUITests.framework in Frameworks */ = {isa = PBXBuildFile; fileRef = 891EF7BD8D4E7A9DF227DE4E /* Pods_OnboardingMobileChallenge_OnboardingMobileChallengeUITests.framework */; };
		48C46BCD811CB0969B3EA882 /* Pods_OnboardingMobileChallengeTests.framework in Frameworks */ = {isa = PBXBuildFile; fileRef = 9302DBD04CF4C7130383CEA1 /* Pods_OnboardingMobileChallengeTests.framework */; };
		8343351CBE71515779A21E36 /* Pods_OnboardingMobileChallenge.framework in Frameworks */ = {isa = PBXBuildFile; fileRef = DC4C85950B4C690DDB0A08F5 /* Pods_OnboardingMobileChallenge.framework */; };
		890E02AB2626229B00BD54EE /* FileExample.swift in Sources */ = {isa = PBXBuildFile; fileRef = 890E02AA2626229B00BD54EE /* FileExample.swift */; };
		89D92B3D262BEE04009C579E /* HomeTableTableViewController.swift in Sources */ = {isa = PBXBuildFile; fileRef = 89D92B3C262BEE04009C579E /* HomeTableTableViewController.swift */; };
		89D92B42262BEEE5009C579E /* HomeUITableViewCell.swift in Sources */ = {isa = PBXBuildFile; fileRef = 89D92B41262BEEE5009C579E /* HomeUITableViewCell.swift */; };
		EA17820A262D093B00FCF636 /* FavoritosScreenViewController.swift in Sources */ = {isa = PBXBuildFile; fileRef = EA178209262D093B00FCF636 /* FavoritosScreenViewController.swift */; };
		EAA49C1D2625E12600B3E735 /* AppDelegate.swift in Sources */ = {isa = PBXBuildFile; fileRef = EAA49C1C2625E12600B3E735 /* AppDelegate.swift */; };
		EAA49C1F2625E12600B3E735 /* SceneDelegate.swift in Sources */ = {isa = PBXBuildFile; fileRef = EAA49C1E2625E12600B3E735 /* SceneDelegate.swift */; };
		EAA49C212625E12600B3E735 /* TelaPrincipalViewController.swift in Sources */ = {isa = PBXBuildFile; fileRef = EAA49C202625E12600B3E735 /* TelaPrincipalViewController.swift */; };
		EAA49C242625E12600B3E735 /* Main.storyboard in Resources */ = {isa = PBXBuildFile; fileRef = EAA49C222625E12600B3E735 /* Main.storyboard */; };
		EAA49C262625E12900B3E735 /* Assets.xcassets in Resources */ = {isa = PBXBuildFile; fileRef = EAA49C252625E12900B3E735 /* Assets.xcassets */; };
		EAA49C292625E12900B3E735 /* LaunchScreen.storyboard in Resources */ = {isa = PBXBuildFile; fileRef = EAA49C272625E12900B3E735 /* LaunchScreen.storyboard */; };
		EAA49C342625E12900B3E735 /* OnboardingMobileChallengeTests.swift in Sources */ = {isa = PBXBuildFile; fileRef = EAA49C332625E12900B3E735 /* OnboardingMobileChallengeTests.swift */; };
		EAA49C3F2625E12900B3E735 /* OnboardingMobileChallengeUITests.swift in Sources */ = {isa = PBXBuildFile; fileRef = EAA49C3E2625E12900B3E735 /* OnboardingMobileChallengeUITests.swift */; };
		EACA371E2627C9280096BA98 /* Erros.swift in Sources */ = {isa = PBXBuildFile; fileRef = EACA371D2627C9280096BA98 /* Erros.swift */; };
		EACA37232627C9390096BA98 /* ListaMoedas.swift in Sources */ = {isa = PBXBuildFile; fileRef = EACA37222627C9390096BA98 /* ListaMoedas.swift */; };
		EACA37282627C9470096BA98 /* MoedaInfo.swift in Sources */ = {isa = PBXBuildFile; fileRef = EACA37272627C9470096BA98 /* MoedaInfo.swift */; };
		EACA377526280EFC0096BA98 /* MoedasAPI.swift in Sources */ = {isa = PBXBuildFile; fileRef = EACA377426280EFC0096BA98 /* MoedasAPI.swift */; };
		EACA377A26280F030096BA98 /* InfoMoedaAPI.swift in Sources */ = {isa = PBXBuildFile; fileRef = EACA377926280F030096BA98 /* InfoMoedaAPI.swift */; };
		EAEA5416262B7E3200B777C0 /* DetalhesViewController.swift in Sources */ = {isa = PBXBuildFile; fileRef = EAEA5415262B7E3200B777C0 /* DetalhesViewController.swift */; };
		EAEFFE582629E9C900926C16 /* CelulaTableViewCell.swift in Sources */ = {isa = PBXBuildFile; fileRef = EAEFFE572629E9C900926C16 /* CelulaTableViewCell.swift */; };
		EAEFFEA02629FEAA00926C16 /* DadosChamadaApi.swift in Sources */ = {isa = PBXBuildFile; fileRef = EAEFFE9F2629FEAA00926C16 /* DadosChamadaApi.swift */; };
/* End PBXBuildFile section */

/* Begin PBXContainerItemProxy section */
		EAA49C302625E12900B3E735 /* PBXContainerItemProxy */ = {
			isa = PBXContainerItemProxy;
			containerPortal = EAA49C112625E12600B3E735 /* Project object */;
			proxyType = 1;
			remoteGlobalIDString = EAA49C182625E12600B3E735;
			remoteInfo = OnboardingMobileChallenge;
		};
		EAA49C3B2625E12900B3E735 /* PBXContainerItemProxy */ = {
			isa = PBXContainerItemProxy;
			containerPortal = EAA49C112625E12600B3E735 /* Project object */;
			proxyType = 1;
			remoteGlobalIDString = EAA49C182625E12600B3E735;
			remoteInfo = OnboardingMobileChallenge;
		};
/* End PBXContainerItemProxy section */

/* Begin PBXFileReference section */
		244EE88C30BA1FDA75F5B86E /* Pods-OnboardingMobileChallengeTests.debug.xcconfig */ = {isa = PBXFileReference; includeInIndex = 1; lastKnownFileType = text.xcconfig; name = "Pods-OnboardingMobileChallengeTests.debug.xcconfig"; path = "Target Support Files/Pods-OnboardingMobileChallengeTests/Pods-OnboardingMobileChallengeTests.debug.xcconfig"; sourceTree = "<group>"; };
		2F8036E0B8AAEFB845A929E8 /* Pods-OnboardingMobileChallengeTests.release.xcconfig */ = {isa = PBXFileReference; includeInIndex = 1; lastKnownFileType = text.xcconfig; name = "Pods-OnboardingMobileChallengeTests.release.xcconfig"; path = "Target Support Files/Pods-OnboardingMobileChallengeTests/Pods-OnboardingMobileChallengeTests.release.xcconfig"; sourceTree = "<group>"; };
		37C76B4965FA5948AC438A13 /* Pods-OnboardingMobileChallenge-OnboardingMobileChallengeUITests.release.xcconfig */ = {isa = PBXFileReference; includeInIndex = 1; lastKnownFileType = text.xcconfig; name = "Pods-OnboardingMobileChallenge-OnboardingMobileChallengeUITests.release.xcconfig"; path = "Target Support Files/Pods-OnboardingMobileChallenge-OnboardingMobileChallengeUITests/Pods-OnboardingMobileChallenge-OnboardingMobileChallengeUITests.release.xcconfig"; sourceTree = "<group>"; };
		890E02AA2626229B00BD54EE /* FileExample.swift */ = {isa = PBXFileReference; lastKnownFileType = sourcecode.swift; path = FileExample.swift; sourceTree = "<group>"; };
		891EF7BD8D4E7A9DF227DE4E /* Pods_OnboardingMobileChallenge_OnboardingMobileChallengeUITests.framework */ = {isa = PBXFileReference; explicitFileType = wrapper.framework; includeInIndex = 0; path = Pods_OnboardingMobileChallenge_OnboardingMobileChallengeUITests.framework; sourceTree = BUILT_PRODUCTS_DIR; };
		89D92B3C262BEE04009C579E /* HomeTableTableViewController.swift */ = {isa = PBXFileReference; lastKnownFileType = sourcecode.swift; path = HomeTableTableViewController.swift; sourceTree = "<group>"; };
		89D92B41262BEEE5009C579E /* HomeUITableViewCell.swift */ = {isa = PBXFileReference; lastKnownFileType = sourcecode.swift; path = HomeUITableViewCell.swift; sourceTree = "<group>"; };
		9302DBD04CF4C7130383CEA1 /* Pods_OnboardingMobileChallengeTests.framework */ = {isa = PBXFileReference; explicitFileType = wrapper.framework; includeInIndex = 0; path = Pods_OnboardingMobileChallengeTests.framework; sourceTree = BUILT_PRODUCTS_DIR; };
		BA0D5D72D9877A583D80356F /* Pods-OnboardingMobileChallenge.debug.xcconfig */ = {isa = PBXFileReference; includeInIndex = 1; lastKnownFileType = text.xcconfig; name = "Pods-OnboardingMobileChallenge.debug.xcconfig"; path = "Target Support Files/Pods-OnboardingMobileChallenge/Pods-OnboardingMobileChallenge.debug.xcconfig"; sourceTree = "<group>"; };
		DB565C603D9F840329247A28 /* Pods-OnboardingMobileChallenge-OnboardingMobileChallengeUITests.debug.xcconfig */ = {isa = PBXFileReference; includeInIndex = 1; lastKnownFileType = text.xcconfig; name = "Pods-OnboardingMobileChallenge-OnboardingMobileChallengeUITests.debug.xcconfig"; path = "Target Support Files/Pods-OnboardingMobileChallenge-OnboardingMobileChallengeUITests/Pods-OnboardingMobileChallenge-OnboardingMobileChallengeUITests.debug.xcconfig"; sourceTree = "<group>"; };
		DC4C85950B4C690DDB0A08F5 /* Pods_OnboardingMobileChallenge.framework */ = {isa = PBXFileReference; explicitFileType = wrapper.framework; includeInIndex = 0; path = Pods_OnboardingMobileChallenge.framework; sourceTree = BUILT_PRODUCTS_DIR; };
		E86C921809CF2F82C8B8AF41 /* Pods-OnboardingMobileChallenge.release.xcconfig */ = {isa = PBXFileReference; includeInIndex = 1; lastKnownFileType = text.xcconfig; name = "Pods-OnboardingMobileChallenge.release.xcconfig"; path = "Target Support Files/Pods-OnboardingMobileChallenge/Pods-OnboardingMobileChallenge.release.xcconfig"; sourceTree = "<group>"; };
		EA178209262D093B00FCF636 /* FavoritosScreenViewController.swift */ = {isa = PBXFileReference; lastKnownFileType = sourcecode.swift; path = FavoritosScreenViewController.swift; sourceTree = "<group>"; };
		EAA49C192625E12600B3E735 /* OnboardingMobileChallenge.app */ = {isa = PBXFileReference; explicitFileType = wrapper.application; includeInIndex = 0; path = OnboardingMobileChallenge.app; sourceTree = BUILT_PRODUCTS_DIR; };
		EAA49C1C2625E12600B3E735 /* AppDelegate.swift */ = {isa = PBXFileReference; lastKnownFileType = sourcecode.swift; path = AppDelegate.swift; sourceTree = "<group>"; };
		EAA49C1E2625E12600B3E735 /* SceneDelegate.swift */ = {isa = PBXFileReference; lastKnownFileType = sourcecode.swift; path = SceneDelegate.swift; sourceTree = "<group>"; };
		EAA49C202625E12600B3E735 /* TelaPrincipalViewController.swift */ = {isa = PBXFileReference; lastKnownFileType = sourcecode.swift; path = TelaPrincipalViewController.swift; sourceTree = "<group>"; };
		EAA49C232625E12600B3E735 /* Base */ = {isa = PBXFileReference; lastKnownFileType = file.storyboard; name = Base; path = Base.lproj/Main.storyboard; sourceTree = "<group>"; };
		EAA49C252625E12900B3E735 /* Assets.xcassets */ = {isa = PBXFileReference; lastKnownFileType = folder.assetcatalog; path = Assets.xcassets; sourceTree = "<group>"; };
		EAA49C282625E12900B3E735 /* Base */ = {isa = PBXFileReference; lastKnownFileType = file.storyboard; name = Base; path = Base.lproj/LaunchScreen.storyboard; sourceTree = "<group>"; };
		EAA49C2A2625E12900B3E735 /* Info.plist */ = {isa = PBXFileReference; lastKnownFileType = text.plist.xml; path = Info.plist; sourceTree = "<group>"; };
		EAA49C2F2625E12900B3E735 /* OnboardingMobileChallengeTests.xctest */ = {isa = PBXFileReference; explicitFileType = wrapper.cfbundle; includeInIndex = 0; path = OnboardingMobileChallengeTests.xctest; sourceTree = BUILT_PRODUCTS_DIR; };
		EAA49C332625E12900B3E735 /* OnboardingMobileChallengeTests.swift */ = {isa = PBXFileReference; lastKnownFileType = sourcecode.swift; path = OnboardingMobileChallengeTests.swift; sourceTree = "<group>"; };
		EAA49C352625E12900B3E735 /* Info.plist */ = {isa = PBXFileReference; lastKnownFileType = text.plist.xml; path = Info.plist; sourceTree = "<group>"; };
		EAA49C3A2625E12900B3E735 /* OnboardingMobileChallengeUITests.xctest */ = {isa = PBXFileReference; explicitFileType = wrapper.cfbundle; includeInIndex = 0; path = OnboardingMobileChallengeUITests.xctest; sourceTree = BUILT_PRODUCTS_DIR; };
		EAA49C3E2625E12900B3E735 /* OnboardingMobileChallengeUITests.swift */ = {isa = PBXFileReference; lastKnownFileType = sourcecode.swift; path = OnboardingMobileChallengeUITests.swift; sourceTree = "<group>"; };
		EAA49C402625E12900B3E735 /* Info.plist */ = {isa = PBXFileReference; lastKnownFileType = text.plist.xml; path = Info.plist; sourceTree = "<group>"; };
		EACA371D2627C9280096BA98 /* Erros.swift */ = {isa = PBXFileReference; fileEncoding = 4; lastKnownFileType = sourcecode.swift; path = Erros.swift; sourceTree = "<group>"; };
		EACA37222627C9390096BA98 /* ListaMoedas.swift */ = {isa = PBXFileReference; fileEncoding = 4; lastKnownFileType = sourcecode.swift; path = ListaMoedas.swift; sourceTree = "<group>"; };
		EACA37272627C9470096BA98 /* MoedaInfo.swift */ = {isa = PBXFileReference; fileEncoding = 4; lastKnownFileType = sourcecode.swift; path = MoedaInfo.swift; sourceTree = "<group>"; };
		EACA377426280EFC0096BA98 /* MoedasAPI.swift */ = {isa = PBXFileReference; fileEncoding = 4; lastKnownFileType = sourcecode.swift; path = MoedasAPI.swift; sourceTree = "<group>"; };
		EACA377926280F030096BA98 /* InfoMoedaAPI.swift */ = {isa = PBXFileReference; fileEncoding = 4; lastKnownFileType = sourcecode.swift; path = InfoMoedaAPI.swift; sourceTree = "<group>"; };
		EAEA5415262B7E3200B777C0 /* DetalhesViewController.swift */ = {isa = PBXFileReference; lastKnownFileType = sourcecode.swift; path = DetalhesViewController.swift; sourceTree = "<group>"; };
		EAEFFE572629E9C900926C16 /* CelulaTableViewCell.swift */ = {isa = PBXFileReference; lastKnownFileType = sourcecode.swift; path = CelulaTableViewCell.swift; sourceTree = "<group>"; };
		EAEFFE9F2629FEAA00926C16 /* DadosChamadaApi.swift */ = {isa = PBXFileReference; lastKnownFileType = sourcecode.swift; path = DadosChamadaApi.swift; sourceTree = "<group>"; };
/* End PBXFileReference section */

/* Begin PBXFrameworksBuildPhase section */
		EAA49C162625E12600B3E735 /* Frameworks */ = {
			isa = PBXFrameworksBuildPhase;
			buildActionMask = 2147483647;
			files = (
				8343351CBE71515779A21E36 /* Pods_OnboardingMobileChallenge.framework in Frameworks */,
			);
			runOnlyForDeploymentPostprocessing = 0;
		};
		EAA49C2C2625E12900B3E735 /* Frameworks */ = {
			isa = PBXFrameworksBuildPhase;
			buildActionMask = 2147483647;
			files = (
				48C46BCD811CB0969B3EA882 /* Pods_OnboardingMobileChallengeTests.framework in Frameworks */,
			);
			runOnlyForDeploymentPostprocessing = 0;
		};
		EAA49C372625E12900B3E735 /* Frameworks */ = {
			isa = PBXFrameworksBuildPhase;
			buildActionMask = 2147483647;
			files = (
				2337A48C23960DE113583628 /* Pods_OnboardingMobileChallenge_OnboardingMobileChallengeUITests.framework in Frameworks */,
			);
			runOnlyForDeploymentPostprocessing = 0;
		};
/* End PBXFrameworksBuildPhase section */

/* Begin PBXGroup section */
		308167B462311ED2FF6F8DBE /* Pods */ = {
			isa = PBXGroup;
			children = (
				BA0D5D72D9877A583D80356F /* Pods-OnboardingMobileChallenge.debug.xcconfig */,
				E86C921809CF2F82C8B8AF41 /* Pods-OnboardingMobileChallenge.release.xcconfig */,
				DB565C603D9F840329247A28 /* Pods-OnboardingMobileChallenge-OnboardingMobileChallengeUITests.debug.xcconfig */,
				37C76B4965FA5948AC438A13 /* Pods-OnboardingMobileChallenge-OnboardingMobileChallengeUITests.release.xcconfig */,
				244EE88C30BA1FDA75F5B86E /* Pods-OnboardingMobileChallengeTests.debug.xcconfig */,
				2F8036E0B8AAEFB845A929E8 /* Pods-OnboardingMobileChallengeTests.release.xcconfig */,
			);
			path = Pods;
			sourceTree = "<group>";
		};
		74A8D654B67068E877993EA0 /* Frameworks */ = {
			isa = PBXGroup;
			children = (
				DC4C85950B4C690DDB0A08F5 /* Pods_OnboardingMobileChallenge.framework */,
				891EF7BD8D4E7A9DF227DE4E /* Pods_OnboardingMobileChallenge_OnboardingMobileChallengeUITests.framework */,
				9302DBD04CF4C7130383CEA1 /* Pods_OnboardingMobileChallengeTests.framework */,
			);
			name = Frameworks;
			sourceTree = "<group>";
		};
		890E02992626193C00BD54EE /* Model */ = {
			isa = PBXGroup;
			children = (
				EACA37272627C9470096BA98 /* MoedaInfo.swift */,
			);
			path = Model;
			sourceTree = "<group>";
		};
		890E029A2626194900BD54EE /* ViewModel */ = {
			isa = PBXGroup;
			children = (
				890E02AA2626229B00BD54EE /* FileExample.swift */,
			);
			path = ViewModel;
			sourceTree = "<group>";
		};
		890E029B2626196000BD54EE /* Service */ = {
			isa = PBXGroup;
			children = (
			);
			path = Service;
			sourceTree = "<group>";
		};
		89D92B3B262BEDB4009C579E /* Home */ = {
			isa = PBXGroup;
			children = (
				89D92B3C262BEE04009C579E /* HomeTableTableViewController.swift */,
				89D92B41262BEEE5009C579E /* HomeUITableViewCell.swift */,
			);
			path = Home;
			sourceTree = "<group>";
		};
		EA178201262D081100FCF636 /* Favoritos */ = {
			isa = PBXGroup;
			children = (
				EA178202262D081900FCF636 /* View */,
			);
			path = Favoritos;
			sourceTree = "<group>";
		};
		EA178202262D081900FCF636 /* View */ = {
			isa = PBXGroup;
			children = (
				EA178209262D093B00FCF636 /* FavoritosScreenViewController.swift */,
			);
			path = View;
			sourceTree = "<group>";
		};
		EAA49C102625E12600B3E735 = {
			isa = PBXGroup;
			children = (
				EAA49C1B2625E12600B3E735 /* OnboardingMobileChallenge */,
				EAA49C322625E12900B3E735 /* OnboardingMobileChallengeTests */,
				EAA49C3D2625E12900B3E735 /* OnboardingMobileChallengeUITests */,
				EAA49C1A2625E12600B3E735 /* Products */,
				308167B462311ED2FF6F8DBE /* Pods */,
				74A8D654B67068E877993EA0 /* Frameworks */,
			);
			sourceTree = "<group>";
		};
		EAA49C1A2625E12600B3E735 /* Products */ = {
			isa = PBXGroup;
			children = (
				EAA49C192625E12600B3E735 /* OnboardingMobileChallenge.app */,
				EAA49C2F2625E12900B3E735 /* OnboardingMobileChallengeTests.xctest */,
				EAA49C3A2625E12900B3E735 /* OnboardingMobileChallengeUITests.xctest */,
			);
			name = Products;
			sourceTree = "<group>";
		};
		EAA49C1B2625E12600B3E735 /* OnboardingMobileChallenge */ = {
			isa = PBXGroup;
			children = (
				EA178201262D081100FCF636 /* Favoritos */,
				EAEFFE772629F44300926C16 /* MoedaDetalhe */,
				EAEFFE0F2629CBD100926C16 /* TelaPrincipal */,
				EACA371B2627C9280096BA98 /* Commons */,
				FCF5A2FC2626076A00529973 /* View */,
				890E029A2626194900BD54EE /* ViewModel */,
				890E029B2626196000BD54EE /* Service */,
				EAA49C1C2625E12600B3E735 /* AppDelegate.swift */,
				EAA49C1E2625E12600B3E735 /* SceneDelegate.swift */,
				EAA49C2A2625E12900B3E735 /* Info.plist */,
			);
			path = OnboardingMobileChallenge;
			sourceTree = "<group>";
		};
		EAA49C322625E12900B3E735 /* OnboardingMobileChallengeTests */ = {
			isa = PBXGroup;
			children = (
				EAA49C332625E12900B3E735 /* OnboardingMobileChallengeTests.swift */,
				EAA49C352625E12900B3E735 /* Info.plist */,
			);
			path = OnboardingMobileChallengeTests;
			sourceTree = "<group>";
		};
		EAA49C3D2625E12900B3E735 /* OnboardingMobileChallengeUITests */ = {
			isa = PBXGroup;
			children = (
				EAA49C3E2625E12900B3E735 /* OnboardingMobileChallengeUITests.swift */,
				EAA49C402625E12900B3E735 /* Info.plist */,
			);
			path = OnboardingMobileChallengeUITests;
			sourceTree = "<group>";
		};
		EACA371B2627C9280096BA98 /* Commons */ = {
			isa = PBXGroup;
			children = (
				EACA371C2627C9280096BA98 /* Model */,
			);
			path = Commons;
			sourceTree = "<group>";
		};
		EACA371C2627C9280096BA98 /* Model */ = {
			isa = PBXGroup;
			children = (
				EACA371D2627C9280096BA98 /* Erros.swift */,
				EAEFFE9F2629FEAA00926C16 /* DadosChamadaApi.swift */,
			);
			path = Model;
			sourceTree = "<group>";
		};
		EAEFFE0F2629CBD100926C16 /* TelaPrincipal */ = {
			isa = PBXGroup;
			children = (
				EAEFFE782629F45A00926C16 /* Service */,
				FCF5A2FB2626076400529973 /* Controller */,
				EAEFFE4D2629E42F00926C16 /* View */,
				EAEFFE102629CBE000926C16 /* Model */,
			);
			path = TelaPrincipal;
			sourceTree = "<group>";
		};
		EAEFFE102629CBE000926C16 /* Model */ = {
			isa = PBXGroup;
			children = (
				EACA37222627C9390096BA98 /* ListaMoedas.swift */,
			);
			path = Model;
			sourceTree = "<group>";
		};
		EAEFFE4D2629E42F00926C16 /* View */ = {
			isa = PBXGroup;
			children = (
				89D92B3B262BEDB4009C579E /* Home */,
				EAA49C252625E12900B3E735 /* Assets.xcassets */,
				EAEFFE572629E9C900926C16 /* CelulaTableViewCell.swift */,
				EAA49C222625E12600B3E735 /* Main.storyboard */,
				EAA49C272625E12900B3E735 /* LaunchScreen.storyboard */,
			);
			path = View;
			sourceTree = "<group>";
		};
		EAEFFE772629F44300926C16 /* MoedaDetalhe */ = {
			isa = PBXGroup;
			children = (
				EAEFFE7C2629F48400926C16 /* Service */,
				EAEFFE7B2629F47D00926C16 /* Controller */,
				EAEFFE7A2629F47400926C16 /* ViewModel */,
				EAEFFE792629F46B00926C16 /* View */,
				890E02992626193C00BD54EE /* Model */,
			);
			path = MoedaDetalhe;
			sourceTree = "<group>";
		};
		EAEFFE782629F45A00926C16 /* Service */ = {
			isa = PBXGroup;
			children = (
				EACA377426280EFC0096BA98 /* MoedasAPI.swift */,
			);
			path = Service;
			sourceTree = "<group>";
		};
		EAEFFE792629F46B00926C16 /* View */ = {
			isa = PBXGroup;
			children = (
			);
			path = View;
			sourceTree = "<group>";
		};
		EAEFFE7A2629F47400926C16 /* ViewModel */ = {
			isa = PBXGroup;
			children = (
			);
			path = ViewModel;
			sourceTree = "<group>";
		};
		EAEFFE7B2629F47D00926C16 /* Controller */ = {
			isa = PBXGroup;
			children = (
				EAEA5415262B7E3200B777C0 /* DetalhesViewController.swift */,
			);
			path = Controller;
			sourceTree = "<group>";
		};
		EAEFFE7C2629F48400926C16 /* Service */ = {
			isa = PBXGroup;
			children = (
				EACA377926280F030096BA98 /* InfoMoedaAPI.swift */,
			);
			path = Service;
			sourceTree = "<group>";
		};
		FCF5A2FB2626076400529973 /* Controller */ = {
			isa = PBXGroup;
			children = (
				EAA49C202625E12600B3E735 /* TelaPrincipalViewController.swift */,
			);
			path = Controller;
			sourceTree = "<group>";
		};
		FCF5A2FC2626076A00529973 /* View */ = {
			isa = PBXGroup;
			children = (
			);
			path = View;
			sourceTree = "<group>";
		};
/* End PBXGroup section */

/* Begin PBXNativeTarget section */
		EAA49C182625E12600B3E735 /* OnboardingMobileChallenge */ = {
			isa = PBXNativeTarget;
			buildConfigurationList = EAA49C432625E12900B3E735 /* Build configuration list for PBXNativeTarget "OnboardingMobileChallenge" */;
			buildPhases = (
				A741FFC5D8D8F52D38F9D596 /* [CP] Check Pods Manifest.lock */,
				EAA49C152625E12600B3E735 /* Sources */,
				EAA49C162625E12600B3E735 /* Frameworks */,
				EAA49C172625E12600B3E735 /* Resources */,
				89C33D0926263BE800DBDBC9 /* Run Script */,
				7E4F864C9560C295CE9DED42 /* [CP] Embed Pods Frameworks */,
			);
			buildRules = (
			);
			dependencies = (
			);
			name = OnboardingMobileChallenge;
			productName = OnboardingMobileChallenge;
			productReference = EAA49C192625E12600B3E735 /* OnboardingMobileChallenge.app */;
			productType = "com.apple.product-type.application";
		};
		EAA49C2E2625E12900B3E735 /* OnboardingMobileChallengeTests */ = {
			isa = PBXNativeTarget;
			buildConfigurationList = EAA49C462625E12900B3E735 /* Build configuration list for PBXNativeTarget "OnboardingMobileChallengeTests" */;
			buildPhases = (
				72744EE7D83733D5924B9D80 /* [CP] Check Pods Manifest.lock */,
				EAA49C2B2625E12900B3E735 /* Sources */,
				EAA49C2C2625E12900B3E735 /* Frameworks */,
				EAA49C2D2625E12900B3E735 /* Resources */,
			);
			buildRules = (
			);
			dependencies = (
				EAA49C312625E12900B3E735 /* PBXTargetDependency */,
			);
			name = OnboardingMobileChallengeTests;
			productName = OnboardingMobileChallengeTests;
			productReference = EAA49C2F2625E12900B3E735 /* OnboardingMobileChallengeTests.xctest */;
			productType = "com.apple.product-type.bundle.unit-test";
		};
		EAA49C392625E12900B3E735 /* OnboardingMobileChallengeUITests */ = {
			isa = PBXNativeTarget;
			buildConfigurationList = EAA49C492625E12900B3E735 /* Build configuration list for PBXNativeTarget "OnboardingMobileChallengeUITests" */;
			buildPhases = (
				999821A46606FC1963E25B15 /* [CP] Check Pods Manifest.lock */,
				EAA49C362625E12900B3E735 /* Sources */,
				EAA49C372625E12900B3E735 /* Frameworks */,
				EAA49C382625E12900B3E735 /* Resources */,
				5946429C2CA0B3D95FE2F628 /* [CP] Embed Pods Frameworks */,
			);
			buildRules = (
			);
			dependencies = (
				EAA49C3C2625E12900B3E735 /* PBXTargetDependency */,
			);
			name = OnboardingMobileChallengeUITests;
			productName = OnboardingMobileChallengeUITests;
			productReference = EAA49C3A2625E12900B3E735 /* OnboardingMobileChallengeUITests.xctest */;
			productType = "com.apple.product-type.bundle.ui-testing";
		};
/* End PBXNativeTarget section */

/* Begin PBXProject section */
		EAA49C112625E12600B3E735 /* Project object */ = {
			isa = PBXProject;
			attributes = {
				LastSwiftUpdateCheck = 1240;
				LastUpgradeCheck = 1240;
				TargetAttributes = {
					EAA49C182625E12600B3E735 = {
						CreatedOnToolsVersion = 12.4;
					};
					EAA49C2E2625E12900B3E735 = {
						CreatedOnToolsVersion = 12.4;
						TestTargetID = EAA49C182625E12600B3E735;
					};
					EAA49C392625E12900B3E735 = {
						CreatedOnToolsVersion = 12.4;
						TestTargetID = EAA49C182625E12600B3E735;
					};
				};
			};
			buildConfigurationList = EAA49C142625E12600B3E735 /* Build configuration list for PBXProject "OnboardingMobileChallenge" */;
			compatibilityVersion = "Xcode 9.3";
			developmentRegion = en;
			hasScannedForEncodings = 0;
			knownRegions = (
				en,
				Base,
			);
			mainGroup = EAA49C102625E12600B3E735;
			productRefGroup = EAA49C1A2625E12600B3E735 /* Products */;
			projectDirPath = "";
			projectRoot = "";
			targets = (
				EAA49C182625E12600B3E735 /* OnboardingMobileChallenge */,
				EAA49C2E2625E12900B3E735 /* OnboardingMobileChallengeTests */,
				EAA49C392625E12900B3E735 /* OnboardingMobileChallengeUITests */,
			);
		};
/* End PBXProject section */

/* Begin PBXResourcesBuildPhase section */
		EAA49C172625E12600B3E735 /* Resources */ = {
			isa = PBXResourcesBuildPhase;
			buildActionMask = 2147483647;
			files = (
				EAA49C292625E12900B3E735 /* LaunchScreen.storyboard in Resources */,
				EAA49C262625E12900B3E735 /* Assets.xcassets in Resources */,
				EAA49C242625E12600B3E735 /* Main.storyboard in Resources */,
			);
			runOnlyForDeploymentPostprocessing = 0;
		};
		EAA49C2D2625E12900B3E735 /* Resources */ = {
			isa = PBXResourcesBuildPhase;
			buildActionMask = 2147483647;
			files = (
			);
			runOnlyForDeploymentPostprocessing = 0;
		};
		EAA49C382625E12900B3E735 /* Resources */ = {
			isa = PBXResourcesBuildPhase;
			buildActionMask = 2147483647;
			files = (
			);
			runOnlyForDeploymentPostprocessing = 0;
		};
/* End PBXResourcesBuildPhase section */

/* Begin PBXShellScriptBuildPhase section */
		5946429C2CA0B3D95FE2F628 /* [CP] Embed Pods Frameworks */ = {
			isa = PBXShellScriptBuildPhase;
			buildActionMask = 2147483647;
			files = (
			);
			inputFileListPaths = (
				"${PODS_ROOT}/Target Support Files/Pods-OnboardingMobileChallenge-OnboardingMobileChallengeUITests/Pods-OnboardingMobileChallenge-OnboardingMobileChallengeUITests-frameworks-${CONFIGURATION}-input-files.xcfilelist",
			);
			name = "[CP] Embed Pods Frameworks";
			outputFileListPaths = (
				"${PODS_ROOT}/Target Support Files/Pods-OnboardingMobileChallenge-OnboardingMobileChallengeUITests/Pods-OnboardingMobileChallenge-OnboardingMobileChallengeUITests-frameworks-${CONFIGURATION}-output-files.xcfilelist",
			);
			runOnlyForDeploymentPostprocessing = 0;
			shellPath = /bin/sh;
			shellScript = "\"${PODS_ROOT}/Target Support Files/Pods-OnboardingMobileChallenge-OnboardingMobileChallengeUITests/Pods-OnboardingMobileChallenge-OnboardingMobileChallengeUITests-frameworks.sh\"\n";
			showEnvVarsInLog = 0;
		};
		72744EE7D83733D5924B9D80 /* [CP] Check Pods Manifest.lock */ = {
			isa = PBXShellScriptBuildPhase;
			buildActionMask = 2147483647;
			files = (
			);
			inputFileListPaths = (
			);
			inputPaths = (
				"${PODS_PODFILE_DIR_PATH}/Podfile.lock",
				"${PODS_ROOT}/Manifest.lock",
			);
			name = "[CP] Check Pods Manifest.lock";
			outputFileListPaths = (
			);
			outputPaths = (
				"$(DERIVED_FILE_DIR)/Pods-OnboardingMobileChallengeTests-checkManifestLockResult.txt",
			);
			runOnlyForDeploymentPostprocessing = 0;
			shellPath = /bin/sh;
			shellScript = "diff \"${PODS_PODFILE_DIR_PATH}/Podfile.lock\" \"${PODS_ROOT}/Manifest.lock\" > /dev/null\nif [ $? != 0 ] ; then\n    # print error to STDERR\n    echo \"error: The sandbox is not in sync with the Podfile.lock. Run 'pod install' or update your CocoaPods installation.\" >&2\n    exit 1\nfi\n# This output is used by Xcode 'outputs' to avoid re-running this script phase.\necho \"SUCCESS\" > \"${SCRIPT_OUTPUT_FILE_0}\"\n";
			showEnvVarsInLog = 0;
		};
		7E4F864C9560C295CE9DED42 /* [CP] Embed Pods Frameworks */ = {
			isa = PBXShellScriptBuildPhase;
			buildActionMask = 2147483647;
			files = (
			);
			inputFileListPaths = (
				"${PODS_ROOT}/Target Support Files/Pods-OnboardingMobileChallenge/Pods-OnboardingMobileChallenge-frameworks-${CONFIGURATION}-input-files.xcfilelist",
			);
			name = "[CP] Embed Pods Frameworks";
			outputFileListPaths = (
				"${PODS_ROOT}/Target Support Files/Pods-OnboardingMobileChallenge/Pods-OnboardingMobileChallenge-frameworks-${CONFIGURATION}-output-files.xcfilelist",
			);
			runOnlyForDeploymentPostprocessing = 0;
			shellPath = /bin/sh;
			shellScript = "\"${PODS_ROOT}/Target Support Files/Pods-OnboardingMobileChallenge/Pods-OnboardingMobileChallenge-frameworks.sh\"\n";
			showEnvVarsInLog = 0;
		};
		89C33D0926263BE800DBDBC9 /* Run Script */ = {
			isa = PBXShellScriptBuildPhase;
			buildActionMask = 12;
			files = (
			);
			inputFileListPaths = (
			);
			inputPaths = (
			);
			name = "Run Script";
			outputFileListPaths = (
			);
			outputPaths = (
			);
			runOnlyForDeploymentPostprocessing = 0;
			shellPath = /bin/sh;
			shellScript = "# Type a script or drag a script file from your workspace to insert its path.\nif which \"${PODS_ROOT}/SwiftLint/swiftlint\" >/dev/null; then\n${PODS_ROOT}/SwiftLint/swiftlint\nelse\necho\"warning: SwiftLint not installed, download from https://github.com/realm/SwiftLint\"\nfi\n";
		};
		999821A46606FC1963E25B15 /* [CP] Check Pods Manifest.lock */ = {
			isa = PBXShellScriptBuildPhase;
			buildActionMask = 2147483647;
			files = (
			);
			inputFileListPaths = (
			);
			inputPaths = (
				"${PODS_PODFILE_DIR_PATH}/Podfile.lock",
				"${PODS_ROOT}/Manifest.lock",
			);
			name = "[CP] Check Pods Manifest.lock";
			outputFileListPaths = (
			);
			outputPaths = (
				"$(DERIVED_FILE_DIR)/Pods-OnboardingMobileChallenge-OnboardingMobileChallengeUITests-checkManifestLockResult.txt",
			);
			runOnlyForDeploymentPostprocessing = 0;
			shellPath = /bin/sh;
			shellScript = "diff \"${PODS_PODFILE_DIR_PATH}/Podfile.lock\" \"${PODS_ROOT}/Manifest.lock\" > /dev/null\nif [ $? != 0 ] ; then\n    # print error to STDERR\n    echo \"error: The sandbox is not in sync with the Podfile.lock. Run 'pod install' or update your CocoaPods installation.\" >&2\n    exit 1\nfi\n# This output is used by Xcode 'outputs' to avoid re-running this script phase.\necho \"SUCCESS\" > \"${SCRIPT_OUTPUT_FILE_0}\"\n";
			showEnvVarsInLog = 0;
		};
		A741FFC5D8D8F52D38F9D596 /* [CP] Check Pods Manifest.lock */ = {
			isa = PBXShellScriptBuildPhase;
			buildActionMask = 2147483647;
			files = (
			);
			inputFileListPaths = (
			);
			inputPaths = (
				"${PODS_PODFILE_DIR_PATH}/Podfile.lock",
				"${PODS_ROOT}/Manifest.lock",
			);
			name = "[CP] Check Pods Manifest.lock";
			outputFileListPaths = (
			);
			outputPaths = (
				"$(DERIVED_FILE_DIR)/Pods-OnboardingMobileChallenge-checkManifestLockResult.txt",
			);
			runOnlyForDeploymentPostprocessing = 0;
			shellPath = /bin/sh;
			shellScript = "diff \"${PODS_PODFILE_DIR_PATH}/Podfile.lock\" \"${PODS_ROOT}/Manifest.lock\" > /dev/null\nif [ $? != 0 ] ; then\n    # print error to STDERR\n    echo \"error: The sandbox is not in sync with the Podfile.lock. Run 'pod install' or update your CocoaPods installation.\" >&2\n    exit 1\nfi\n# This output is used by Xcode 'outputs' to avoid re-running this script phase.\necho \"SUCCESS\" > \"${SCRIPT_OUTPUT_FILE_0}\"\n";
			showEnvVarsInLog = 0;
		};
/* End PBXShellScriptBuildPhase section */

/* Begin PBXSourcesBuildPhase section */
		EAA49C152625E12600B3E735 /* Sources */ = {
			isa = PBXSourcesBuildPhase;
			buildActionMask = 2147483647;
			files = (
				EAA49C212625E12600B3E735 /* TelaPrincipalViewController.swift in Sources */,
				89D92B3D262BEE04009C579E /* HomeTableTableViewController.swift in Sources */,
				EACA371E2627C9280096BA98 /* Erros.swift in Sources */,
				EAEFFEA02629FEAA00926C16 /* DadosChamadaApi.swift in Sources */,
				EACA377526280EFC0096BA98 /* MoedasAPI.swift in Sources */,
				EACA37232627C9390096BA98 /* ListaMoedas.swift in Sources */,
				EAEFFE582629E9C900926C16 /* CelulaTableViewCell.swift in Sources */,
				EAA49C1D2625E12600B3E735 /* AppDelegate.swift in Sources */,
				EACA37282627C9470096BA98 /* MoedaInfo.swift in Sources */,
				EA17820A262D093B00FCF636 /* FavoritosScreenViewController.swift in Sources */,
				EAEA5416262B7E3200B777C0 /* DetalhesViewController.swift in Sources */,
				89D92B42262BEEE5009C579E /* HomeUITableViewCell.swift in Sources */,
				EAA49C1F2625E12600B3E735 /* SceneDelegate.swift in Sources */,
				EACA377A26280F030096BA98 /* InfoMoedaAPI.swift in Sources */,
				890E02AB2626229B00BD54EE /* FileExample.swift in Sources */,
			);
			runOnlyForDeploymentPostprocessing = 0;
		};
		EAA49C2B2625E12900B3E735 /* Sources */ = {
			isa = PBXSourcesBuildPhase;
			buildActionMask = 2147483647;
			files = (
				EAA49C342625E12900B3E735 /* OnboardingMobileChallengeTests.swift in Sources */,
			);
			runOnlyForDeploymentPostprocessing = 0;
		};
		EAA49C362625E12900B3E735 /* Sources */ = {
			isa = PBXSourcesBuildPhase;
			buildActionMask = 2147483647;
			files = (
				EAA49C3F2625E12900B3E735 /* OnboardingMobileChallengeUITests.swift in Sources */,
			);
			runOnlyForDeploymentPostprocessing = 0;
		};
/* End PBXSourcesBuildPhase section */

/* Begin PBXTargetDependency section */
		EAA49C312625E12900B3E735 /* PBXTargetDependency */ = {
			isa = PBXTargetDependency;
			target = EAA49C182625E12600B3E735 /* OnboardingMobileChallenge */;
			targetProxy = EAA49C302625E12900B3E735 /* PBXContainerItemProxy */;
		};
		EAA49C3C2625E12900B3E735 /* PBXTargetDependency */ = {
			isa = PBXTargetDependency;
			target = EAA49C182625E12600B3E735 /* OnboardingMobileChallenge */;
			targetProxy = EAA49C3B2625E12900B3E735 /* PBXContainerItemProxy */;
		};
/* End PBXTargetDependency section */

/* Begin PBXVariantGroup section */
		EAA49C222625E12600B3E735 /* Main.storyboard */ = {
			isa = PBXVariantGroup;
			children = (
				EAA49C232625E12600B3E735 /* Base */,
			);
			name = Main.storyboard;
			sourceTree = "<group>";
		};
		EAA49C272625E12900B3E735 /* LaunchScreen.storyboard */ = {
			isa = PBXVariantGroup;
			children = (
				EAA49C282625E12900B3E735 /* Base */,
			);
			name = LaunchScreen.storyboard;
			sourceTree = "<group>";
		};
/* End PBXVariantGroup section */

/* Begin XCBuildConfiguration section */
		EAA49C412625E12900B3E735 /* Debug */ = {
			isa = XCBuildConfiguration;
			buildSettings = {
				ALWAYS_SEARCH_USER_PATHS = NO;
				CLANG_ANALYZER_NONNULL = YES;
				CLANG_ANALYZER_NUMBER_OBJECT_CONVERSION = YES_AGGRESSIVE;
				CLANG_CXX_LANGUAGE_STANDARD = "gnu++14";
				CLANG_CXX_LIBRARY = "libc++";
				CLANG_ENABLE_MODULES = YES;
				CLANG_ENABLE_OBJC_ARC = YES;
				CLANG_ENABLE_OBJC_WEAK = YES;
				CLANG_WARN_BLOCK_CAPTURE_AUTORELEASING = YES;
				CLANG_WARN_BOOL_CONVERSION = YES;
				CLANG_WARN_COMMA = YES;
				CLANG_WARN_CONSTANT_CONVERSION = YES;
				CLANG_WARN_DEPRECATED_OBJC_IMPLEMENTATIONS = YES;
				CLANG_WARN_DIRECT_OBJC_ISA_USAGE = YES_ERROR;
				CLANG_WARN_DOCUMENTATION_COMMENTS = YES;
				CLANG_WARN_EMPTY_BODY = YES;
				CLANG_WARN_ENUM_CONVERSION = YES;
				CLANG_WARN_INFINITE_RECURSION = YES;
				CLANG_WARN_INT_CONVERSION = YES;
				CLANG_WARN_NON_LITERAL_NULL_CONVERSION = YES;
				CLANG_WARN_OBJC_IMPLICIT_RETAIN_SELF = YES;
				CLANG_WARN_OBJC_LITERAL_CONVERSION = YES;
				CLANG_WARN_OBJC_ROOT_CLASS = YES_ERROR;
				CLANG_WARN_QUOTED_INCLUDE_IN_FRAMEWORK_HEADER = YES;
				CLANG_WARN_RANGE_LOOP_ANALYSIS = YES;
				CLANG_WARN_STRICT_PROTOTYPES = YES;
				CLANG_WARN_SUSPICIOUS_MOVE = YES;
				CLANG_WARN_UNGUARDED_AVAILABILITY = YES_AGGRESSIVE;
				CLANG_WARN_UNREACHABLE_CODE = YES;
				CLANG_WARN__DUPLICATE_METHOD_MATCH = YES;
				COPY_PHASE_STRIP = NO;
				DEBUG_INFORMATION_FORMAT = dwarf;
				ENABLE_STRICT_OBJC_MSGSEND = YES;
				ENABLE_TESTABILITY = YES;
				GCC_C_LANGUAGE_STANDARD = gnu11;
				GCC_DYNAMIC_NO_PIC = NO;
				GCC_NO_COMMON_BLOCKS = YES;
				GCC_OPTIMIZATION_LEVEL = 0;
				GCC_PREPROCESSOR_DEFINITIONS = (
					"DEBUG=1",
					"$(inherited)",
				);
				GCC_WARN_64_TO_32_BIT_CONVERSION = YES;
				GCC_WARN_ABOUT_RETURN_TYPE = YES_ERROR;
				GCC_WARN_UNDECLARED_SELECTOR = YES;
				GCC_WARN_UNINITIALIZED_AUTOS = YES_AGGRESSIVE;
				GCC_WARN_UNUSED_FUNCTION = YES;
				GCC_WARN_UNUSED_VARIABLE = YES;
				IPHONEOS_DEPLOYMENT_TARGET = 14.4;
				MTL_ENABLE_DEBUG_INFO = INCLUDE_SOURCE;
				MTL_FAST_MATH = YES;
				ONLY_ACTIVE_ARCH = YES;
				SDKROOT = iphoneos;
				SWIFT_ACTIVE_COMPILATION_CONDITIONS = DEBUG;
				SWIFT_OPTIMIZATION_LEVEL = "-Onone";
			};
			name = Debug;
		};
		EAA49C422625E12900B3E735 /* Release */ = {
			isa = XCBuildConfiguration;
			buildSettings = {
				ALWAYS_SEARCH_USER_PATHS = NO;
				CLANG_ANALYZER_NONNULL = YES;
				CLANG_ANALYZER_NUMBER_OBJECT_CONVERSION = YES_AGGRESSIVE;
				CLANG_CXX_LANGUAGE_STANDARD = "gnu++14";
				CLANG_CXX_LIBRARY = "libc++";
				CLANG_ENABLE_MODULES = YES;
				CLANG_ENABLE_OBJC_ARC = YES;
				CLANG_ENABLE_OBJC_WEAK = YES;
				CLANG_WARN_BLOCK_CAPTURE_AUTORELEASING = YES;
				CLANG_WARN_BOOL_CONVERSION = YES;
				CLANG_WARN_COMMA = YES;
				CLANG_WARN_CONSTANT_CONVERSION = YES;
				CLANG_WARN_DEPRECATED_OBJC_IMPLEMENTATIONS = YES;
				CLANG_WARN_DIRECT_OBJC_ISA_USAGE = YES_ERROR;
				CLANG_WARN_DOCUMENTATION_COMMENTS = YES;
				CLANG_WARN_EMPTY_BODY = YES;
				CLANG_WARN_ENUM_CONVERSION = YES;
				CLANG_WARN_INFINITE_RECURSION = YES;
				CLANG_WARN_INT_CONVERSION = YES;
				CLANG_WARN_NON_LITERAL_NULL_CONVERSION = YES;
				CLANG_WARN_OBJC_IMPLICIT_RETAIN_SELF = YES;
				CLANG_WARN_OBJC_LITERAL_CONVERSION = YES;
				CLANG_WARN_OBJC_ROOT_CLASS = YES_ERROR;
				CLANG_WARN_QUOTED_INCLUDE_IN_FRAMEWORK_HEADER = YES;
				CLANG_WARN_RANGE_LOOP_ANALYSIS = YES;
				CLANG_WARN_STRICT_PROTOTYPES = YES;
				CLANG_WARN_SUSPICIOUS_MOVE = YES;
				CLANG_WARN_UNGUARDED_AVAILABILITY = YES_AGGRESSIVE;
				CLANG_WARN_UNREACHABLE_CODE = YES;
				CLANG_WARN__DUPLICATE_METHOD_MATCH = YES;
				COPY_PHASE_STRIP = NO;
				DEBUG_INFORMATION_FORMAT = "dwarf-with-dsym";
				ENABLE_NS_ASSERTIONS = NO;
				ENABLE_STRICT_OBJC_MSGSEND = YES;
				GCC_C_LANGUAGE_STANDARD = gnu11;
				GCC_NO_COMMON_BLOCKS = YES;
				GCC_WARN_64_TO_32_BIT_CONVERSION = YES;
				GCC_WARN_ABOUT_RETURN_TYPE = YES_ERROR;
				GCC_WARN_UNDECLARED_SELECTOR = YES;
				GCC_WARN_UNINITIALIZED_AUTOS = YES_AGGRESSIVE;
				GCC_WARN_UNUSED_FUNCTION = YES;
				GCC_WARN_UNUSED_VARIABLE = YES;
				IPHONEOS_DEPLOYMENT_TARGET = 14.4;
				MTL_ENABLE_DEBUG_INFO = NO;
				MTL_FAST_MATH = YES;
				SDKROOT = iphoneos;
				SWIFT_COMPILATION_MODE = wholemodule;
				SWIFT_OPTIMIZATION_LEVEL = "-O";
				VALIDATE_PRODUCT = YES;
			};
			name = Release;
		};
		EAA49C442625E12900B3E735 /* Debug */ = {
			isa = XCBuildConfiguration;
			baseConfigurationReference = BA0D5D72D9877A583D80356F /* Pods-OnboardingMobileChallenge.debug.xcconfig */;
			buildSettings = {
				ASSETCATALOG_COMPILER_APPICON_NAME = AppIcon;
				ASSETCATALOG_COMPILER_GLOBAL_ACCENT_COLOR_NAME = AccentColor;
				CODE_SIGN_STYLE = Automatic;
				INFOPLIST_FILE = OnboardingMobileChallenge/Info.plist;
				LD_RUNPATH_SEARCH_PATHS = (
					"$(inherited)",
					"@executable_path/Frameworks",
				);
				PRODUCT_BUNDLE_IDENTIFIER = br.com.OnboardingMobileChallenge;
				PRODUCT_NAME = "$(TARGET_NAME)";
				SWIFT_VERSION = 5.0;
				TARGETED_DEVICE_FAMILY = "1,2";
			};
			name = Debug;
		};
		EAA49C452625E12900B3E735 /* Release */ = {
			isa = XCBuildConfiguration;
			baseConfigurationReference = E86C921809CF2F82C8B8AF41 /* Pods-OnboardingMobileChallenge.release.xcconfig */;
			buildSettings = {
				ASSETCATALOG_COMPILER_APPICON_NAME = AppIcon;
				ASSETCATALOG_COMPILER_GLOBAL_ACCENT_COLOR_NAME = AccentColor;
				CODE_SIGN_STYLE = Automatic;
				INFOPLIST_FILE = OnboardingMobileChallenge/Info.plist;
				LD_RUNPATH_SEARCH_PATHS = (
					"$(inherited)",
					"@executable_path/Frameworks",
				);
				PRODUCT_BUNDLE_IDENTIFIER = br.com.OnboardingMobileChallenge;
				PRODUCT_NAME = "$(TARGET_NAME)";
				SWIFT_VERSION = 5.0;
				TARGETED_DEVICE_FAMILY = "1,2";
			};
			name = Release;
		};
		EAA49C472625E12900B3E735 /* Debug */ = {
			isa = XCBuildConfiguration;
			baseConfigurationReference = 244EE88C30BA1FDA75F5B86E /* Pods-OnboardingMobileChallengeTests.debug.xcconfig */;
			buildSettings = {
				ALWAYS_EMBED_SWIFT_STANDARD_LIBRARIES = YES;
				BUNDLE_LOADER = "$(TEST_HOST)";
				CODE_SIGN_STYLE = Automatic;
				INFOPLIST_FILE = OnboardingMobileChallengeTests/Info.plist;
				IPHONEOS_DEPLOYMENT_TARGET = 14.4;
				LD_RUNPATH_SEARCH_PATHS = (
					"$(inherited)",
					"@executable_path/Frameworks",
					"@loader_path/Frameworks",
				);
				PRODUCT_BUNDLE_IDENTIFIER = br.com.OnboardingMobileChallengeTests;
				PRODUCT_NAME = "$(TARGET_NAME)";
				SWIFT_VERSION = 5.0;
				TARGETED_DEVICE_FAMILY = "1,2";
				TEST_HOST = "$(BUILT_PRODUCTS_DIR)/OnboardingMobileChallenge.app/OnboardingMobileChallenge";
			};
			name = Debug;
		};
		EAA49C482625E12900B3E735 /* Release */ = {
			isa = XCBuildConfiguration;
			baseConfigurationReference = 2F8036E0B8AAEFB845A929E8 /* Pods-OnboardingMobileChallengeTests.release.xcconfig */;
			buildSettings = {
				ALWAYS_EMBED_SWIFT_STANDARD_LIBRARIES = YES;
				BUNDLE_LOADER = "$(TEST_HOST)";
				CODE_SIGN_STYLE = Automatic;
				INFOPLIST_FILE = OnboardingMobileChallengeTests/Info.plist;
				IPHONEOS_DEPLOYMENT_TARGET = 14.4;
				LD_RUNPATH_SEARCH_PATHS = (
					"$(inherited)",
					"@executable_path/Frameworks",
					"@loader_path/Frameworks",
				);
				PRODUCT_BUNDLE_IDENTIFIER = br.com.OnboardingMobileChallengeTests;
				PRODUCT_NAME = "$(TARGET_NAME)";
				SWIFT_VERSION = 5.0;
				TARGETED_DEVICE_FAMILY = "1,2";
				TEST_HOST = "$(BUILT_PRODUCTS_DIR)/OnboardingMobileChallenge.app/OnboardingMobileChallenge";
			};
			name = Release;
		};
		EAA49C4A2625E12900B3E735 /* Debug */ = {
			isa = XCBuildConfiguration;
			baseConfigurationReference = DB565C603D9F840329247A28 /* Pods-OnboardingMobileChallenge-OnboardingMobileChallengeUITests.debug.xcconfig */;
			buildSettings = {
				ALWAYS_EMBED_SWIFT_STANDARD_LIBRARIES = YES;
				CODE_SIGN_STYLE = Automatic;
				INFOPLIST_FILE = OnboardingMobileChallengeUITests/Info.plist;
				LD_RUNPATH_SEARCH_PATHS = (
					"$(inherited)",
					"@executable_path/Frameworks",
					"@loader_path/Frameworks",
				);
				PRODUCT_BUNDLE_IDENTIFIER = br.com.OnboardingMobileChallengeUITests;
				PRODUCT_NAME = "$(TARGET_NAME)";
				SWIFT_VERSION = 5.0;
				TARGETED_DEVICE_FAMILY = "1,2";
				TEST_TARGET_NAME = OnboardingMobileChallenge;
			};
			name = Debug;
		};
		EAA49C4B2625E12900B3E735 /* Release */ = {
			isa = XCBuildConfiguration;
			baseConfigurationReference = 37C76B4965FA5948AC438A13 /* Pods-OnboardingMobileChallenge-OnboardingMobileChallengeUITests.release.xcconfig */;
			buildSettings = {
				ALWAYS_EMBED_SWIFT_STANDARD_LIBRARIES = YES;
				CODE_SIGN_STYLE = Automatic;
				INFOPLIST_FILE = OnboardingMobileChallengeUITests/Info.plist;
				LD_RUNPATH_SEARCH_PATHS = (
					"$(inherited)",
					"@executable_path/Frameworks",
					"@loader_path/Frameworks",
				);
				PRODUCT_BUNDLE_IDENTIFIER = br.com.OnboardingMobileChallengeUITests;
				PRODUCT_NAME = "$(TARGET_NAME)";
				SWIFT_VERSION = 5.0;
				TARGETED_DEVICE_FAMILY = "1,2";
				TEST_TARGET_NAME = OnboardingMobileChallenge;
			};
			name = Release;
		};
/* End XCBuildConfiguration section */

/* Begin XCConfigurationList section */
		EAA49C142625E12600B3E735 /* Build configuration list for PBXProject "OnboardingMobileChallenge" */ = {
			isa = XCConfigurationList;
			buildConfigurations = (
				EAA49C412625E12900B3E735 /* Debug */,
				EAA49C422625E12900B3E735 /* Release */,
			);
			defaultConfigurationIsVisible = 0;
			defaultConfigurationName = Release;
		};
		EAA49C432625E12900B3E735 /* Build configuration list for PBXNativeTarget "OnboardingMobileChallenge" */ = {
			isa = XCConfigurationList;
			buildConfigurations = (
				EAA49C442625E12900B3E735 /* Debug */,
				EAA49C452625E12900B3E735 /* Release */,
			);
			defaultConfigurationIsVisible = 0;
			defaultConfigurationName = Release;
		};
		EAA49C462625E12900B3E735 /* Build configuration list for PBXNativeTarget "OnboardingMobileChallengeTests" */ = {
			isa = XCConfigurationList;
			buildConfigurations = (
				EAA49C472625E12900B3E735 /* Debug */,
				EAA49C482625E12900B3E735 /* Release */,
			);
			defaultConfigurationIsVisible = 0;
			defaultConfigurationName = Release;
		};
		EAA49C492625E12900B3E735 /* Build configuration list for PBXNativeTarget "OnboardingMobileChallengeUITests" */ = {
			isa = XCConfigurationList;
			buildConfigurations = (
				EAA49C4A2625E12900B3E735 /* Debug */,
				EAA49C4B2625E12900B3E735 /* Release */,
			);
			defaultConfigurationIsVisible = 0;
			defaultConfigurationName = Release;
		};
/* End XCConfigurationList section */
	};
	rootObject = EAA49C112625E12600B3E735 /* Project object */;
}
